
Microsoft Visual Studio Solution File, Format Version 12.00
# Visual Studio 2013
VisualStudioVersion = 12.0.31101.0
MinimumVisualStudioVersion = 10.0.40219.1
Project("{8BC9CEB8-8B4A-11D0-8D11-00A0C91BC942}") = "reverse_gif", "gif_reverse\gif_reverse.vcxproj", "{B8F1D87E-6D7A-4D48-85C8-33FF0987A13E}"
EndProject
Global
	GlobalSection(SolutionConfigurationPlatforms) = preSolution
		Debug|Win32 = Debug|Win32
		Release|Win32 = Release|Win32
	EndGlobalSection
	GlobalSection(ProjectConfigurationPlatforms) = postSolution
		{B8F1D87E-6D7A-4D48-85C8-33FF0987A13E}.Debug|Win32.ActiveCfg = Debug|Win32
		{B8F1D87E-6D7A-4D48-85C8-33FF0987A13E}.Debug|Win32.Build.0 = Debug|Win32
		{B8F1D87E-6D7A-4D48-85C8-33FF0987A13E}.Release|Win32.ActiveCfg = Release|Win32
		{B8F1D87E-6D7A-4D48-85C8-33FF0987A13E}.Release|Win32.Build.0 = Release|Win32
	EndGlobalSection
	GlobalSection(SolutionProperties) = preSolution
		HideSolutionNode = FALSE
	EndGlobalSection
EndGlobal
